
Microsoft Visual Studio Solution File, Format Version 12.00
# Visual Studio Version 16
VisualStudioVersion = 16.0.31624.102
MinimumVisualStudioVersion = 10.0.40219.1
Project("{8BC9CEB8-8B4A-11D0-8D11-00A0C91BC942}") = "Lab09Question1", "Lab09Question1\Lab09Question1.vcxproj", "{3FD3A908-D654-46ED-8811-2E047C1294E0}"
EndProject
Global
	GlobalSection(SolutionConfigurationPlatforms) = preSolution
		Debug|x64 = Debug|x64
		Debug|x86 = Debug|x86
		Release|x64 = Release|x64
		Release|x86 = Release|x86
	EndGlobalSection
	GlobalSection(ProjectConfigurationPlatforms) = postSolution
		{3FD3A908-D654-46ED-8811-2E047C1294E0}.Debug|x64.ActiveCfg = Debug|x64
		{3FD3A908-D654-46ED-8811-2E047C1294E0}.Debug|x64.Build.0 = Debug|x64
		{3FD3A908-D654-46ED-8811-2E047C1294E0}.Debug|x86.ActiveCfg = Debug|Win32
		{3FD3A908-D654-46ED-8811-2E047C1294E0}.Debug|x86.Build.0 = Debug|Win32
		{3FD3A908-D654-46ED-8811-2E047C1294E0}.Release|x64.ActiveCfg = Release|x64
		{3FD3A908-D654-46ED-8811-2E047C1294E0}.Release|x64.Build.0 = Release|x64
		{3FD3A908-D654-46ED-8811-2E047C1294E0}.Release|x86.ActiveCfg = Release|Win32
		{3FD3A908-D654-46ED-8811-2E047C1294E0}.Release|x86.Build.0 = Release|Win32
	EndGlobalSection
	GlobalSection(SolutionProperties) = preSolution
		HideSolutionNode = FALSE
	EndGlobalSection
	GlobalSection(ExtensibilityGlobals) = postSolution
		SolutionGuid = {757AEE38-81C8-4A27-983B-914ED9B65666}
	EndGlobalSection
EndGlobal
