
Microsoft Visual Studio Solution File, Format Version 12.00
# Visual Studio Version 17
VisualStudioVersion = 17.0.31903.59
MinimumVisualStudioVersion = 10.0.40219.1
Project("{8BC9CEB8-8B4A-11D0-8D11-00A0C91BC942}") = "rory_lange_05", "rory_lange_05\rory_lange_05.vcxproj", "{020C39BB-FCFE-47ED-8D33-A773316D64AE}"
EndProject
Global
	GlobalSection(SolutionConfigurationPlatforms) = preSolution
		Debug|x64 = Debug|x64
		Debug|x86 = Debug|x86
		Release|x64 = Release|x64
		Release|x86 = Release|x86
	EndGlobalSection
	GlobalSection(ProjectConfigurationPlatforms) = postSolution
		{020C39BB-FCFE-47ED-8D33-A773316D64AE}.Debug|x64.ActiveCfg = Debug|x64
		{020C39BB-FCFE-47ED-8D33-A773316D64AE}.Debug|x64.Build.0 = Debug|x64
		{020C39BB-FCFE-47ED-8D33-A773316D64AE}.Debug|x86.ActiveCfg = Debug|Win32
		{020C39BB-FCFE-47ED-8D33-A773316D64AE}.Debug|x86.Build.0 = Debug|Win32
		{020C39BB-FCFE-47ED-8D33-A773316D64AE}.Release|x64.ActiveCfg = Release|x64
		{020C39BB-FCFE-47ED-8D33-A773316D64AE}.Release|x64.Build.0 = Release|x64
		{020C39BB-FCFE-47ED-8D33-A773316D64AE}.Release|x86.ActiveCfg = Release|Win32
		{020C39BB-FCFE-47ED-8D33-A773316D64AE}.Release|x86.Build.0 = Release|Win32
	EndGlobalSection
	GlobalSection(SolutionProperties) = preSolution
		HideSolutionNode = FALSE
	EndGlobalSection
	GlobalSection(ExtensibilityGlobals) = postSolution
		SolutionGuid = {C1960B64-ADA4-42D8-B7BC-33F469602EF4}
	EndGlobalSection
EndGlobal
